<?xml version="1.0" encoding="utf-8"?>
<Project ToolsVersion="4.0" xmlns="http://schemas.microsoft.com/developer/msbuild/2003">
  <ItemGroup>
    <Filter Include="Source Files">
      <UniqueIdentifier>{4FC737F1-C7A5-4376-A066-2A32D752A2FF}</UniqueIdentifier>
      <Extensions>cpp;c;cc;cxx;c++;cppm;ixx;def;odl;idl;hpj;bat;asm;asmx</Extensions>
    </Filter>
    <Filter Include="Header Files">
      <UniqueIdentifier>{93995380-89BD-4b04-88EB-625FBE52EBFB}</UniqueIdentifier>
      <Extensions>h;hh;hpp;hxx;h++;hm;inl;inc;ipp;xsd</Extensions>
    </Filter>
    <Filter Include="Resource Files">
      <UniqueIdentifier>{67DA6AB6-F800-4c08-8B7A-83BB121AAD01}</UniqueIdentifier>
      <Extensions>rc;ico;cur;bmp;dlg;rc2;rct;bin;rgs;gif;jpg;jpeg;jpe;resx;tiff;tif;png;wav;mfcribbon-ms</Extensions>
    </Filter>
  </ItemGroup>
  <ItemGroup>
    <ClCompile Include="ParseInput.cpp">
      <Filter>Source Files</Filter>
    </ClCompile>
    <ClCompile Include="GenerateZSpace.cpp">
      <Filter>Source Files</Filter>
    </ClCompile>
    <ClCompile Include="QCLMath.cpp">
      <Filter>Source Files</Filter>
    </ClCompile>
    <ClCompile Include="Main.cpp">
      <Filter>Source Files</Filter>
    </ClCompile>
    <ClCompile Include="ChargeDensityCalc.cpp">
      <Filter>Source Files</Filter>
    </ClCompile>
    <ClCompile Include="Shoot.cpp">
      <Filter>Source Files</Filter>
    </ClCompile>
    <ClCompile Include="BoundEigenenergies.cpp">
      <Filter>Source Files</Filter>
    </ClCompile>
    <ClCompile Include="EigenEnergyCalc.cpp">
      <Filter>Source Files</Filter>
    </ClCompile>
    <ClCompile Include="CalcWaveFunctions.cpp">
      <Filter>Source Files</Filter>
    </ClCompile>
    <ClCompile Include="EffectiveMass.cpp">
      <Filter>Source Files</Filter>
    </ClCompile>
    <ClCompile Include="PoissonSolver.cpp">
      <Filter>Source Files</Filter>
    </ClCompile>
  </ItemGroup>
  <ItemGroup>
    <ClInclude Include="ParseInput.h">
      <Filter>Header Files</Filter>
    </ClInclude>
    <ClInclude Include="GenerateZSpace.h">
      <Filter>Header Files</Filter>
    </ClInclude>
    <ClInclude Include="QCLMath.h">
      <Filter>Header Files</Filter>
    </ClInclude>
    <ClInclude Include="ChargeDensityCalc.h">
      <Filter>Header Files</Filter>
    </ClInclude>
    <ClInclude Include="Constants.h">
      <Filter>Header Files</Filter>
    </ClInclude>
    <ClInclude Include="Shoot.h">
      <Filter>Header Files</Filter>
    </ClInclude>
    <ClInclude Include="BoundEigenenergies.h">
      <Filter>Header Files</Filter>
    </ClInclude>
    <ClInclude Include="EigenEnergyCalc.h">
      <Filter>Header Files</Filter>
    </ClInclude>
    <ClInclude Include="CalcWaveFunction.h">
      <Filter>Header Files</Filter>
    </ClInclude>
    <ClInclude Include="EffectiveMass.h">
      <Filter>Header Files</Filter>
    </ClInclude>
    <ClInclude Include="PoissonSolver.h">
      <Filter>Header Files</Filter>
    </ClInclude>
  </ItemGroup>
</Project>